
Microsoft Visual Studio Solution File, Format Version 12.00
# Visual Studio Version 17
VisualStudioVersion = 17.4.33213.308
MinimumVisualStudioVersion = 10.0.40219.1
Project("{9A19103F-16F7-4668-BE54-9A1E7A4F7556}") = "KriniteAuthServer.ResourceDataAPI", "KriniteAuthServer.ResourceDataAPI\KriniteAuthServer.ResourceDataAPI.csproj", "{9FDD6849-5B87-4F43-8DA6-F563B496F943}"
EndProject
Project("{9A19103F-16F7-4668-BE54-9A1E7A4F7556}") = "KriniteAuthServer.OAuthServer", "KriniteAuthServer.OAuthServer\KriniteAuthServer.OAuthServer.csproj", "{43A6E59E-4738-4034-99BB-08129C3E0D29}"
EndProject
Project("{E53339B2-1760-4266-BCC7-CA923CBCF16C}") = "docker-compose", "docker-compose.dcproj", "{120A4BB9-6296-4EF8-854D-FAB5E165F67E}"
EndProject
Project("{9A19103F-16F7-4668-BE54-9A1E7A4F7556}") = "KriniteAuthServer.ResourceDataApp", "KriniteAuthServer.ResourceDataApp\KriniteAuthServer.ResourceDataApp.csproj", "{F562ACBA-A17A-44C9-A9D7-1BBC5DE901EE}"
EndProject
Project("{9A19103F-16F7-4668-BE54-9A1E7A4F7556}") = "KriniteAuthServer.ResourceDataAppHybrid", "KriniteAuthServer.ResourceDataAppHybrid\KriniteAuthServer.ResourceDataAppHybrid.csproj", "{E29CEEAE-3375-4F46-B46E-9E7D09099B38}"
EndProject
Global
	GlobalSection(SolutionConfigurationPlatforms) = preSolution
		Debug|Any CPU = Debug|Any CPU
		Release|Any CPU = Release|Any CPU
	EndGlobalSection
	GlobalSection(ProjectConfigurationPlatforms) = postSolution
		{9FDD6849-5B87-4F43-8DA6-F563B496F943}.Debug|Any CPU.ActiveCfg = Debug|Any CPU
		{9FDD6849-5B87-4F43-8DA6-F563B496F943}.Debug|Any CPU.Build.0 = Debug|Any CPU
		{9FDD6849-5B87-4F43-8DA6-F563B496F943}.Release|Any CPU.ActiveCfg = Release|Any CPU
		{9FDD6849-5B87-4F43-8DA6-F563B496F943}.Release|Any CPU.Build.0 = Release|Any CPU
		{43A6E59E-4738-4034-99BB-08129C3E0D29}.Debug|Any CPU.ActiveCfg = Debug|Any CPU
		{43A6E59E-4738-4034-99BB-08129C3E0D29}.Debug|Any CPU.Build.0 = Debug|Any CPU
		{43A6E59E-4738-4034-99BB-08129C3E0D29}.Release|Any CPU.ActiveCfg = Release|Any CPU
		{43A6E59E-4738-4034-99BB-08129C3E0D29}.Release|Any CPU.Build.0 = Release|Any CPU
		{120A4BB9-6296-4EF8-854D-FAB5E165F67E}.Debug|Any CPU.ActiveCfg = Debug|Any CPU
		{120A4BB9-6296-4EF8-854D-FAB5E165F67E}.Debug|Any CPU.Build.0 = Debug|Any CPU
		{120A4BB9-6296-4EF8-854D-FAB5E165F67E}.Release|Any CPU.ActiveCfg = Release|Any CPU
		{120A4BB9-6296-4EF8-854D-FAB5E165F67E}.Release|Any CPU.Build.0 = Release|Any CPU
		{F562ACBA-A17A-44C9-A9D7-1BBC5DE901EE}.Debug|Any CPU.ActiveCfg = Debug|Any CPU
		{F562ACBA-A17A-44C9-A9D7-1BBC5DE901EE}.Debug|Any CPU.Build.0 = Debug|Any CPU
		{F562ACBA-A17A-44C9-A9D7-1BBC5DE901EE}.Release|Any CPU.ActiveCfg = Release|Any CPU
		{F562ACBA-A17A-44C9-A9D7-1BBC5DE901EE}.Release|Any CPU.Build.0 = Release|Any CPU
		{E29CEEAE-3375-4F46-B46E-9E7D09099B38}.Debug|Any CPU.ActiveCfg = Debug|Any CPU
		{E29CEEAE-3375-4F46-B46E-9E7D09099B38}.Debug|Any CPU.Build.0 = Debug|Any CPU
		{E29CEEAE-3375-4F46-B46E-9E7D09099B38}.Release|Any CPU.ActiveCfg = Release|Any CPU
		{E29CEEAE-3375-4F46-B46E-9E7D09099B38}.Release|Any CPU.Build.0 = Release|Any CPU
	EndGlobalSection
	GlobalSection(SolutionProperties) = preSolution
		HideSolutionNode = FALSE
	EndGlobalSection
	GlobalSection(ExtensibilityGlobals) = postSolution
		SolutionGuid = {18517657-7C3D-4DC6-8F09-3D437FD3D6D9}
	EndGlobalSection
EndGlobal
