
Microsoft Visual Studio Solution File, Format Version 12.00
# Visual Studio Version 17
VisualStudioVersion = 17.4.33213.308
MinimumVisualStudioVersion = 10.0.40219.1
Project("{9A19103F-16F7-4668-BE54-9A1E7A4F7556}") = "KriniteAuthServer.ResourceDataAPI", "KriniteAuthServer.ResourceDataAPI\KriniteAuthServer.ResourceDataAPI.csproj", "{9FDD6849-5B87-4F43-8DA6-F563B496F943}"
EndProject
Project("{FAE04EC0-301F-11D3-BF4B-00C04F79EFBC}") = "KriniteAuthServer.OAuthServer", "KriniteAuthServer.OAuthServer\KriniteAuthServer.OAuthServer.csproj", "{43A6E59E-4738-4034-99BB-08129C3E0D29}"
EndProject
Global
	GlobalSection(SolutionConfigurationPlatforms) = preSolution
		Debug|Any CPU = Debug|Any CPU
		Release|Any CPU = Release|Any CPU
	EndGlobalSection
	GlobalSection(ProjectConfigurationPlatforms) = postSolution
		{9FDD6849-5B87-4F43-8DA6-F563B496F943}.Debug|Any CPU.ActiveCfg = Debug|Any CPU
		{9FDD6849-5B87-4F43-8DA6-F563B496F943}.Debug|Any CPU.Build.0 = Debug|Any CPU
		{9FDD6849-5B87-4F43-8DA6-F563B496F943}.Release|Any CPU.ActiveCfg = Release|Any CPU
		{9FDD6849-5B87-4F43-8DA6-F563B496F943}.Release|Any CPU.Build.0 = Release|Any CPU
		{43A6E59E-4738-4034-99BB-08129C3E0D29}.Debug|Any CPU.ActiveCfg = Debug|Any CPU
		{43A6E59E-4738-4034-99BB-08129C3E0D29}.Debug|Any CPU.Build.0 = Debug|Any CPU
		{43A6E59E-4738-4034-99BB-08129C3E0D29}.Release|Any CPU.ActiveCfg = Release|Any CPU
		{43A6E59E-4738-4034-99BB-08129C3E0D29}.Release|Any CPU.Build.0 = Release|Any CPU
	EndGlobalSection
	GlobalSection(SolutionProperties) = preSolution
		HideSolutionNode = FALSE
	EndGlobalSection
	GlobalSection(ExtensibilityGlobals) = postSolution
		SolutionGuid = {18517657-7C3D-4DC6-8F09-3D437FD3D6D9}
	EndGlobalSection
EndGlobal
